// !$*UTF8*$!
{
	archiveVersion = 1;
	classes = {
	};
	objectVersion = 46;
	objects = {

/* Begin PBXBuildFile section */
		8C29D2831D24AFD7007ACB93 /* main.m in Sources */ = {isa = PBXBuildFile; fileRef = 8C29D2821D24AFD7007ACB93 /* main.m */; };
		8C29D2861D24AFD7007ACB93 /* AppDelegate.m in Sources */ = {isa = PBXBuildFile; fileRef = 8C29D2851D24AFD7007ACB93 /* AppDelegate.m */; };
		8C29D2891D24AFD7007ACB93 /* ViewController.m in Sources */ = {isa = PBXBuildFile; fileRef = 8C29D2881D24AFD7007ACB93 /* ViewController.m */; };
		8C29D28C1D24AFD7007ACB93 /* Main.storyboard in Resources */ = {isa = PBXBuildFile; fileRef = 8C29D28A1D24AFD7007ACB93 /* Main.storyboard */; };
		8C29D28E1D24AFD7007ACB93 /* Assets.xcassets in Resources */ = {isa = PBXBuildFile; fileRef = 8C29D28D1D24AFD7007ACB93 /* Assets.xcassets */; };
		8C29D2911D24AFD7007ACB93 /* LaunchScreen.storyboard in Resources */ = {isa = PBXBuildFile; fileRef = 8C29D28F1D24AFD7007ACB93 /* LaunchScreen.storyboard */; };
		8C29D29C1D24AFD7007ACB93 /* LTYCalendarTests.m in Sources */ = {isa = PBXBuildFile; fileRef = 8C29D29B1D24AFD7007ACB93 /* LTYCalendarTests.m */; };
		8C29D2A71D24AFD7007ACB93 /* LTYCalendarUITests.m in Sources */ = {isa = PBXBuildFile; fileRef = 8C29D2A61D24AFD7007ACB93 /* LTYCalendarUITests.m */; };
		8C29D2B61D24E42F007ACB93 /* LTYCalendar.m in Sources */ = {isa = PBXBuildFile; fileRef = 8C29D2B51D24E42F007ACB93 /* LTYCalendar.m */; };
		8C29D2B81D24E470007ACB93 /* LTYCalendar.xib in Resources */ = {isa = PBXBuildFile; fileRef = 8C29D2B71D24E470007ACB93 /* LTYCalendar.xib */; };
		8C29D2BB1D24FA47007ACB93 /* LTYCalendarCell.m in Sources */ = {isa = PBXBuildFile; fileRef = 8C29D2BA1D24FA47007ACB93 /* LTYCalendarCell.m */; };
/* End PBXBuildFile section */

/* Begin PBXContainerItemProxy section */
		8C29D2981D24AFD7007ACB93 /* PBXContainerItemProxy */ = {
			isa = PBXContainerItemProxy;
			containerPortal = 8C29D2761D24AFD6007ACB93 /* Project object */;
			proxyType = 1;
			remoteGlobalIDString = 8C29D27D1D24AFD6007ACB93;
			remoteInfo = LTYCalendar;
		};
		8C29D2A31D24AFD7007ACB93 /* PBXContainerItemProxy */ = {
			isa = PBXContainerItemProxy;
			containerPortal = 8C29D2761D24AFD6007ACB93 /* Project object */;
			proxyType = 1;
			remoteGlobalIDString = 8C29D27D1D24AFD6007ACB93;
			remoteInfo = LTYCalendar;
		};
/* End PBXContainerItemProxy section */

/* Begin PBXFileReference section */
		8C29D27E1D24AFD6007ACB93 /* LTYCalendar.app */ = {isa = PBXFileReference; explicitFileType = wrapper.application; includeInIndex = 0; path = LTYCalendar.app; sourceTree = BUILT_PRODUCTS_DIR; };
		8C29D2821D24AFD7007ACB93 /* main.m */ = {isa = PBXFileReference; lastKnownFileType = sourcecode.c.objc; path = main.m; sourceTree = "<group>"; };
		8C29D2841D24AFD7007ACB93 /* AppDelegate.h */ = {isa = PBXFileReference; lastKnownFileType = sourcecode.c.h; path = AppDelegate.h; sourceTree = "<group>"; };
		8C29D2851D24AFD7007ACB93 /* AppDelegate.m */ = {isa = PBXFileReference; lastKnownFileType = sourcecode.c.objc; path = AppDelegate.m; sourceTree = "<group>"; };
		8C29D2871D24AFD7007ACB93 /* ViewController.h */ = {isa = PBXFileReference; lastKnownFileType = sourcecode.c.h; path = ViewController.h; sourceTree = "<group>"; };
		8C29D2881D24AFD7007ACB93 /* ViewController.m */ = {isa = PBXFileReference; lastKnownFileType = sourcecode.c.objc; path = ViewController.m; sourceTree = "<group>"; };
		8C29D28B1D24AFD7007ACB93 /* Base */ = {isa = PBXFileReference; lastKnownFileType = file.storyboard; name = Base; path = Base.lproj/Main.storyboard; sourceTree = "<group>"; };
		8C29D28D1D24AFD7007ACB93 /* Assets.xcassets */ = {isa = PBXFileReference; lastKnownFileType = folder.assetcatalog; path = Assets.xcassets; sourceTree = "<group>"; };
		8C29D2901D24AFD7007ACB93 /* Base */ = {isa = PBXFileReference; lastKnownFileType = file.storyboard; name = Base; path = Base.lproj/LaunchScreen.storyboard; sourceTree = "<group>"; };
		8C29D2921D24AFD7007ACB93 /* Info.plist */ = {isa = PBXFileReference; lastKnownFileType = text.plist.xml; path = Info.plist; sourceTree = "<group>"; };
		8C29D2971D24AFD7007ACB93 /* LTYCalendarTests.xctest */ = {isa = PBXFileReference; explicitFileType = wrapper.cfbundle; includeInIndex = 0; path = LTYCalendarTests.xctest; sourceTree = BUILT_PRODUCTS_DIR; };
		8C29D29B1D24AFD7007ACB93 /* LTYCalendarTests.m */ = {isa = PBXFileReference; lastKnownFileType = sourcecode.c.objc; path = LTYCalendarTests.m; sourceTree = "<group>"; };
		8C29D29D1D24AFD7007ACB93 /* Info.plist */ = {isa = PBXFileReference; lastKnownFileType = text.plist.xml; path = Info.plist; sourceTree = "<group>"; };
		8C29D2A21D24AFD7007ACB93 /* LTYCalendarUITests.xctest */ = {isa = PBXFileReference; explicitFileType = wrapper.cfbundle; includeInIndex = 0; path = LTYCalendarUITests.xctest; sourceTree = BUILT_PRODUCTS_DIR; };
		8C29D2A61D24AFD7007ACB93 /* LTYCalendarUITests.m */ = {isa = PBXFileReference; lastKnownFileType = sourcecode.c.objc; path = LTYCalendarUITests.m; sourceTree = "<group>"; };
		8C29D2A81D24AFD7007ACB93 /* Info.plist */ = {isa = PBXFileReference; lastKnownFileType = text.plist.xml; path = Info.plist; sourceTree = "<group>"; };
		8C29D2B41D24E42F007ACB93 /* LTYCalendar.h */ = {isa = PBXFileReference; fileEncoding = 4; lastKnownFileType = sourcecode.c.h; path = LTYCalendar.h; sourceTree = "<group>"; };
		8C29D2B51D24E42F007ACB93 /* LTYCalendar.m */ = {isa = PBXFileReference; fileEncoding = 4; lastKnownFileType = sourcecode.c.objc; path = LTYCalendar.m; sourceTree = "<group>"; };
		8C29D2B71D24E470007ACB93 /* LTYCalendar.xib */ = {isa = PBXFileReference; fileEncoding = 4; lastKnownFileType = file.xib; path = LTYCalendar.xib; sourceTree = "<group>"; };
		8C29D2B91D24FA47007ACB93 /* LTYCalendarCell.h */ = {isa = PBXFileReference; fileEncoding = 4; lastKnownFileType = sourcecode.c.h; path = LTYCalendarCell.h; sourceTree = "<group>"; };
		8C29D2BA1D24FA47007ACB93 /* LTYCalendarCell.m */ = {isa = PBXFileReference; fileEncoding = 4; lastKnownFileType = sourcecode.c.objc; path = LTYCalendarCell.m; sourceTree = "<group>"; };
/* End PBXFileReference section */

/* Begin PBXFrameworksBuildPhase section */
		8C29D27B1D24AFD6007ACB93 /* Frameworks */ = {
			isa = PBXFrameworksBuildPhase;
			buildActionMask = 2147483647;
			files = (
			);
			runOnlyForDeploymentPostprocessing = 0;
		};
		8C29D2941D24AFD7007ACB93 /* Frameworks */ = {
			isa = PBXFrameworksBuildPhase;
			buildActionMask = 2147483647;
			files = (
			);
			runOnlyForDeploymentPostprocessing = 0;
		};
		8C29D29F1D24AFD7007ACB93 /* Frameworks */ = {
			isa = PBXFrameworksBuildPhase;
			buildActionMask = 2147483647;
			files = (
			);
			runOnlyForDeploymentPostprocessing = 0;
		};
/* End PBXFrameworksBuildPhase section */

/* Begin PBXGroup section */
		8C29D2751D24AFD6007ACB93 = {
			isa = PBXGroup;
			children = (
				8C29D2801D24AFD7007ACB93 /* LTYCalendar */,
				8C29D29A1D24AFD7007ACB93 /* LTYCalendarTests */,
				8C29D2A51D24AFD7007ACB93 /* LTYCalendarUITests */,
				8C29D27F1D24AFD6007ACB93 /* Products */,
			);
			sourceTree = "<group>";
		};
		8C29D27F1D24AFD6007ACB93 /* Products */ = {
			isa = PBXGroup;
			children = (
				8C29D27E1D24AFD6007ACB93 /* LTYCalendar.app */,
				8C29D2971D24AFD7007ACB93 /* LTYCalendarTests.xctest */,
				8C29D2A21D24AFD7007ACB93 /* LTYCalendarUITests.xctest */,
			);
			name = Products;
			sourceTree = "<group>";
		};
		8C29D2801D24AFD7007ACB93 /* LTYCalendar */ = {
			isa = PBXGroup;
			children = (
				8C29D2841D24AFD7007ACB93 /* AppDelegate.h */,
				8C29D2851D24AFD7007ACB93 /* AppDelegate.m */,
				8C29D2871D24AFD7007ACB93 /* ViewController.h */,
				8C29D2881D24AFD7007ACB93 /* ViewController.m */,
				8C29D2B71D24E470007ACB93 /* LTYCalendar.xib */,
				8C29D2B41D24E42F007ACB93 /* LTYCalendar.h */,
				8C29D2B51D24E42F007ACB93 /* LTYCalendar.m */,
				8C29D2B91D24FA47007ACB93 /* LTYCalendarCell.h */,
				8C29D2BA1D24FA47007ACB93 /* LTYCalendarCell.m */,
				8C29D28A1D24AFD7007ACB93 /* Main.storyboard */,
				8C29D28D1D24AFD7007ACB93 /* Assets.xcassets */,
				8C29D28F1D24AFD7007ACB93 /* LaunchScreen.storyboard */,
				8C29D2921D24AFD7007ACB93 /* Info.plist */,
				8C29D2811D24AFD7007ACB93 /* Supporting Files */,
			);
			path = LTYCalendar;
			sourceTree = "<group>";
		};
		8C29D2811D24AFD7007ACB93 /* Supporting Files */ = {
			isa = PBXGroup;
			children = (
				8C29D2821D24AFD7007ACB93 /* main.m */,
			);
			name = "Supporting Files";
			sourceTree = "<group>";
		};
		8C29D29A1D24AFD7007ACB93 /* LTYCalendarTests */ = {
			isa = PBXGroup;
			children = (
				8C29D29B1D24AFD7007ACB93 /* LTYCalendarTests.m */,
				8C29D29D1D24AFD7007ACB93 /* Info.plist */,
			);
			path = LTYCalendarTests;
			sourceTree = "<group>";
		};
		8C29D2A51D24AFD7007ACB93 /* LTYCalendarUITests */ = {
			isa = PBXGroup;
			children = (
				8C29D2A61D24AFD7007ACB93 /* LTYCalendarUITests.m */,
				8C29D2A81D24AFD7007ACB93 /* Info.plist */,
			);
			path = LTYCalendarUITests;
			sourceTree = "<group>";
		};
/* End PBXGroup section */

/* Begin PBXNativeTarget section */
		8C29D27D1D24AFD6007ACB93 /* LTYCalendar */ = {
			isa = PBXNativeTarget;
			buildConfigurationList = 8C29D2AB1D24AFD7007ACB93 /* Build configuration list for PBXNativeTarget "LTYCalendar" */;
			buildPhases = (
				8C29D27A1D24AFD6007ACB93 /* Sources */,
				8C29D27B1D24AFD6007ACB93 /* Frameworks */,
				8C29D27C1D24AFD6007ACB93 /* Resources */,
			);
			buildRules = (
			);
			dependencies = (
			);
			name = LTYCalendar;
			productName = LTYCalendar;
			productReference = 8C29D27E1D24AFD6007ACB93 /* LTYCalendar.app */;
			productType = "com.apple.product-type.application";
		};
		8C29D2961D24AFD7007ACB93 /* LTYCalendarTests */ = {
			isa = PBXNativeTarget;
			buildConfigurationList = 8C29D2AE1D24AFD7007ACB93 /* Build configuration list for PBXNativeTarget "LTYCalendarTests" */;
			buildPhases = (
				8C29D2931D24AFD7007ACB93 /* Sources */,
				8C29D2941D24AFD7007ACB93 /* Frameworks */,
				8C29D2951D24AFD7007ACB93 /* Resources */,
			);
			buildRules = (
			);
			dependencies = (
				8C29D2991D24AFD7007ACB93 /* PBXTargetDependency */,
			);
			name = LTYCalendarTests;
			productName = LTYCalendarTests;
			productReference = 8C29D2971D24AFD7007ACB93 /* LTYCalendarTests.xctest */;
			productType = "com.apple.product-type.bundle.unit-test";
		};
		8C29D2A11D24AFD7007ACB93 /* LTYCalendarUITests */ = {
			isa = PBXNativeTarget;
			buildConfigurationList = 8C29D2B11D24AFD7007ACB93 /* Build configuration list for PBXNativeTarget "LTYCalendarUITests" */;
			buildPhases = (
				8C29D29E1D24AFD7007ACB93 /* Sources */,
				8C29D29F1D24AFD7007ACB93 /* Frameworks */,
				8C29D2A01D24AFD7007ACB93 /* Resources */,
			);
			buildRules = (
			);
			dependencies = (
				8C29D2A41D24AFD7007ACB93 /* PBXTargetDependency */,
			);
			name = LTYCalendarUITests;
			productName = LTYCalendarUITests;
			productReference = 8C29D2A21D24AFD7007ACB93 /* LTYCalendarUITests.xctest */;
			productType = "com.apple.product-type.bundle.ui-testing";
		};
/* End PBXNativeTarget section */

/* Begin PBXProject section */
		8C29D2761D24AFD6007ACB93 /* Project object */ = {
			isa = PBXProject;
			attributes = {
				LastUpgradeCheck = 0730;
				ORGANIZATIONNAME = LongTongyang;
				TargetAttributes = {
					8C29D27D1D24AFD6007ACB93 = {
						CreatedOnToolsVersion = 7.3.1;
					};
					8C29D2961D24AFD7007ACB93 = {
						CreatedOnToolsVersion = 7.3.1;
						TestTargetID = 8C29D27D1D24AFD6007ACB93;
					};
					8C29D2A11D24AFD7007ACB93 = {
						CreatedOnToolsVersion = 7.3.1;
						TestTargetID = 8C29D27D1D24AFD6007ACB93;
					};
				};
			};
			buildConfigurationList = 8C29D2791D24AFD6007ACB93 /* Build configuration list for PBXProject "LTYCalendar" */;
			compatibilityVersion = "Xcode 3.2";
			developmentRegion = English;
			hasScannedForEncodings = 0;
			knownRegions = (
				en,
				Base,
			);
			mainGroup = 8C29D2751D24AFD6007ACB93;
			productRefGroup = 8C29D27F1D24AFD6007ACB93 /* Products */;
			projectDirPath = "";
			projectRoot = "";
			targets = (
				8C29D27D1D24AFD6007ACB93 /* LTYCalendar */,
				8C29D2961D24AFD7007ACB93 /* LTYCalendarTests */,
				8C29D2A11D24AFD7007ACB93 /* LTYCalendarUITests */,
			);
		};
/* End PBXProject section */

/* Begin PBXResourcesBuildPhase section */
		8C29D27C1D24AFD6007ACB93 /* Resources */ = {
			isa = PBXResourcesBuildPhase;
			buildActionMask = 2147483647;
			files = (
				8C29D2911D24AFD7007ACB93 /* LaunchScreen.storyboard in Resources */,
				8C29D28E1D24AFD7007ACB93 /* Assets.xcassets in Resources */,
				8C29D28C1D24AFD7007ACB93 /* Main.storyboard in Resources */,
				8C29D2B81D24E470007ACB93 /* LTYCalendar.xib in Resources */,
			);
			runOnlyForDeploymentPostprocessing = 0;
		};
		8C29D2951D24AFD7007ACB93 /* Resources */ = {
			isa = PBXResourcesBuildPhase;
			buildActionMask = 2147483647;
			files = (
			);
			runOnlyForDeploymentPostprocessing = 0;
		};
		8C29D2A01D24AFD7007ACB93 /* Resources */ = {
			isa = PBXResourcesBuildPhase;
			buildActionMask = 2147483647;
			files = (
			);
			runOnlyForDeploymentPostprocessing = 0;
		};
/* End PBXResourcesBuildPhase section */

/* Begin PBXSourcesBuildPhase section */
		8C29D27A1D24AFD6007ACB93 /* Sources */ = {
			isa = PBXSourcesBuildPhase;
			buildActionMask = 2147483647;
			files = (
				8C29D2BB1D24FA47007ACB93 /* LTYCalendarCell.m in Sources */,
				8C29D2891D24AFD7007ACB93 /* ViewController.m in Sources */,
				8C29D2861D24AFD7007ACB93 /* AppDelegate.m in Sources */,
				8C29D2831D24AFD7007ACB93 /* main.m in Sources */,
				8C29D2B61D24E42F007ACB93 /* LTYCalendar.m in Sources */,
			);
			runOnlyForDeploymentPostprocessing = 0;
		};
		8C29D2931D24AFD7007ACB93 /* Sources */ = {
			isa = PBXSourcesBuildPhase;
			buildActionMask = 2147483647;
			files = (
				8C29D29C1D24AFD7007ACB93 /* LTYCalendarTests.m in Sources */,
			);
			runOnlyForDeploymentPostprocessing = 0;
		};
		8C29D29E1D24AFD7007ACB93 /* Sources */ = {
			isa = PBXSourcesBuildPhase;
			buildActionMask = 2147483647;
			files = (
				8C29D2A71D24AFD7007ACB93 /* LTYCalendarUITests.m in Sources */,
			);
			runOnlyForDeploymentPostprocessing = 0;
		};
/* End PBXSourcesBuildPhase section */

/* Begin PBXTargetDependency section */
		8C29D2991D24AFD7007ACB93 /* PBXTargetDependency */ = {
			isa = PBXTargetDependency;
			target = 8C29D27D1D24AFD6007ACB93 /* LTYCalendar */;
			targetProxy = 8C29D2981D24AFD7007ACB93 /* PBXContainerItemProxy */;
		};
		8C29D2A41D24AFD7007ACB93 /* PBXTargetDependency */ = {
			isa = PBXTargetDependency;
			target = 8C29D27D1D24AFD6007ACB93 /* LTYCalendar */;
			targetProxy = 8C29D2A31D24AFD7007ACB93 /* PBXContainerItemProxy */;
		};
/* End PBXTargetDependency section */

/* Begin PBXVariantGroup section */
		8C29D28A1D24AFD7007ACB93 /* Main.storyboard */ = {
			isa = PBXVariantGroup;
			children = (
				8C29D28B1D24AFD7007ACB93 /* Base */,
			);
			name = Main.storyboard;
			sourceTree = "<group>";
		};
		8C29D28F1D24AFD7007ACB93 /* LaunchScreen.storyboard */ = {
			isa = PBXVariantGroup;
			children = (
				8C29D2901D24AFD7007ACB93 /* Base */,
			);
			name = LaunchScreen.storyboard;
			sourceTree = "<group>";
		};
/* End PBXVariantGroup section */

/* Begin XCBuildConfiguration section */
		8C29D2A91D24AFD7007ACB93 /* Debug */ = {
			isa = XCBuildConfiguration;
			buildSettings = {
				ALWAYS_SEARCH_USER_PATHS = NO;
				CLANG_ANALYZER_NONNULL = YES;
				CLANG_CXX_LANGUAGE_STANDARD = "gnu++0x";
				CLANG_CXX_LIBRARY = "libc++";
				CLANG_ENABLE_MODULES = YES;
				CLANG_ENABLE_OBJC_ARC = YES;
				CLANG_WARN_BOOL_CONVERSION = YES;
				CLANG_WARN_CONSTANT_CONVERSION = YES;
				CLANG_WARN_DIRECT_OBJC_ISA_USAGE = YES_ERROR;
				CLANG_WARN_EMPTY_BODY = YES;
				CLANG_WARN_ENUM_CONVERSION = YES;
				CLANG_WARN_INT_CONVERSION = YES;
				CLANG_WARN_OBJC_ROOT_CLASS = YES_ERROR;
				CLANG_WARN_UNREACHABLE_CODE = YES;
				CLANG_WARN__DUPLICATE_METHOD_MATCH = YES;
				"CODE_SIGN_IDENTITY[sdk=iphoneos*]" = "iPhone Developer";
				COPY_PHASE_STRIP = NO;
				DEBUG_INFORMATION_FORMAT = dwarf;
				ENABLE_STRICT_OBJC_MSGSEND = YES;
				ENABLE_TESTABILITY = YES;
				GCC_C_LANGUAGE_STANDARD = gnu99;
				GCC_DYNAMIC_NO_PIC = NO;
				GCC_NO_COMMON_BLOCKS = YES;
				GCC_OPTIMIZATION_LEVEL = 0;
				GCC_PREPROCESSOR_DEFINITIONS = (
					"DEBUG=1",
					"$(inherited)",
				);
				GCC_WARN_64_TO_32_BIT_CONVERSION = YES;
				GCC_WARN_ABOUT_RETURN_TYPE = YES_ERROR;
				GCC_WARN_UNDECLARED_SELECTOR = YES;
				GCC_WARN_UNINITIALIZED_AUTOS = YES_AGGRESSIVE;
				GCC_WARN_UNUSED_FUNCTION = YES;
				GCC_WARN_UNUSED_VARIABLE = YES;
				IPHONEOS_DEPLOYMENT_TARGET = 9.3;
				MTL_ENABLE_DEBUG_INFO = YES;
				ONLY_ACTIVE_ARCH = YES;
				SDKROOT = iphoneos;
			};
			name = Debug;
		};
		8C29D2AA1D24AFD7007ACB93 /* Release */ = {
			isa = XCBuildConfiguration;
			buildSettings = {
				ALWAYS_SEARCH_USER_PATHS = NO;
				CLANG_ANALYZER_NONNULL = YES;
				CLANG_CXX_LANGUAGE_STANDARD = "gnu++0x";
				CLANG_CXX_LIBRARY = "libc++";
				CLANG_ENABLE_MODULES = YES;
				CLANG_ENABLE_OBJC_ARC = YES;
				CLANG_WARN_BOOL_CONVERSION = YES;
				CLANG_WARN_CONSTANT_CONVERSION = YES;
				CLANG_WARN_DIRECT_OBJC_ISA_USAGE = YES_ERROR;
				CLANG_WARN_EMPTY_BODY = YES;
				CLANG_WARN_ENUM_CONVERSION = YES;
				CLANG_WARN_INT_CONVERSION = YES;
				CLANG_WARN_OBJC_ROOT_CLASS = YES_ERROR;
				CLANG_WARN_UNREACHABLE_CODE = YES;
				CLANG_WARN__DUPLICATE_METHOD_MATCH = YES;
				"CODE_SIGN_IDENTITY[sdk=iphoneos*]" = "iPhone Developer";
				COPY_PHASE_STRIP = NO;
				DEBUG_INFORMATION_FORMAT = "dwarf-with-dsym";
				ENABLE_NS_ASSERTIONS = NO;
				ENABLE_STRICT_OBJC_MSGSEND = YES;
				GCC_C_LANGUAGE_STANDARD = gnu99;
				GCC_NO_COMMON_BLOCKS = YES;
				GCC_WARN_64_TO_32_BIT_CONVERSION = YES;
				GCC_WARN_ABOUT_RETURN_TYPE = YES_ERROR;
				GCC_WARN_UNDECLARED_SELECTOR = YES;
				GCC_WARN_UNINITIALIZED_AUTOS = YES_AGGRESSIVE;
				GCC_WARN_UNUSED_FUNCTION = YES;
				GCC_WARN_UNUSED_VARIABLE = YES;
				IPHONEOS_DEPLOYMENT_TARGET = 9.3;
				MTL_ENABLE_DEBUG_INFO = NO;
				SDKROOT = iphoneos;
				VALIDATE_PRODUCT = YES;
			};
			name = Release;
		};
		8C29D2AC1D24AFD7007ACB93 /* Debug */ = {
			isa = XCBuildConfiguration;
			buildSettings = {
				ASSETCATALOG_COMPILER_APPICON_NAME = AppIcon;
				INFOPLIST_FILE = LTYCalendar/Info.plist;
				LD_RUNPATH_SEARCH_PATHS = "$(inherited) @executable_path/Frameworks";
				PRODUCT_BUNDLE_IDENTIFIER = com.longtongyang.LTYCalendar;
				PRODUCT_NAME = "$(TARGET_NAME)";
			};
			name = Debug;
		};
		8C29D2AD1D24AFD7007ACB93 /* Release */ = {
			isa = XCBuildConfiguration;
			buildSettings = {
				ASSETCATALOG_COMPILER_APPICON_NAME = AppIcon;
				INFOPLIST_FILE = LTYCalendar/Info.plist;
				LD_RUNPATH_SEARCH_PATHS = "$(inherited) @executable_path/Frameworks";
				PRODUCT_BUNDLE_IDENTIFIER = com.longtongyang.LTYCalendar;
				PRODUCT_NAME = "$(TARGET_NAME)";
			};
			name = Release;
		};
		8C29D2AF1D24AFD7007ACB93 /* Debug */ = {
			isa = XCBuildConfiguration;
			buildSettings = {
				BUNDLE_LOADER = "$(TEST_HOST)";
				INFOPLIST_FILE = LTYCalendarTests/Info.plist;
				LD_RUNPATH_SEARCH_PATHS = "$(inherited) @executable_path/Frameworks @loader_path/Frameworks";
				PRODUCT_BUNDLE_IDENTIFIER = com.longtongyang.LTYCalendarTests;
				PRODUCT_NAME = "$(TARGET_NAME)";
				TEST_HOST = "$(BUILT_PRODUCTS_DIR)/LTYCalendar.app/LTYCalendar";
			};
			name = Debug;
		};
		8C29D2B01D24AFD7007ACB93 /* Release */ = {
			isa = XCBuildConfiguration;
			buildSettings = {
				BUNDLE_LOADER = "$(TEST_HOST)";
				INFOPLIST_FILE = LTYCalendarTests/Info.plist;
				LD_RUNPATH_SEARCH_PATHS = "$(inherited) @executable_path/Frameworks @loader_path/Frameworks";
				PRODUCT_BUNDLE_IDENTIFIER = com.longtongyang.LTYCalendarTests;
				PRODUCT_NAME = "$(TARGET_NAME)";
				TEST_HOST = "$(BUILT_PRODUCTS_DIR)/LTYCalendar.app/LTYCalendar";
			};
			name = Release;
		};
		8C29D2B21D24AFD7007ACB93 /* Debug */ = {
			isa = XCBuildConfiguration;
			buildSettings = {
				INFOPLIST_FILE = LTYCalendarUITests/Info.plist;
				LD_RUNPATH_SEARCH_PATHS = "$(inherited) @executable_path/Frameworks @loader_path/Frameworks";
				PRODUCT_BUNDLE_IDENTIFIER = com.longtongyang.LTYCalendarUITests;
				PRODUCT_NAME = "$(TARGET_NAME)";
				TEST_TARGET_NAME = LTYCalendar;
			};
			name = Debug;
		};
		8C29D2B31D24AFD7007ACB93 /* Release */ = {
			isa = XCBuildConfiguration;
			buildSettings = {
				INFOPLIST_FILE = LTYCalendarUITests/Info.plist;
				LD_RUNPATH_SEARCH_PATHS = "$(inherited) @executable_path/Frameworks @loader_path/Frameworks";
				PRODUCT_BUNDLE_IDENTIFIER = com.longtongyang.LTYCalendarUITests;
				PRODUCT_NAME = "$(TARGET_NAME)";
				TEST_TARGET_NAME = LTYCalendar;
			};
			name = Release;
		};
/* End XCBuildConfiguration section */

/* Begin XCConfigurationList section */
		8C29D2791D24AFD6007ACB93 /* Build configuration list for PBXProject "LTYCalendar" */ = {
			isa = XCConfigurationList;
			buildConfigurations = (
				8C29D2A91D24AFD7007ACB93 /* Debug */,
				8C29D2AA1D24AFD7007ACB93 /* Release */,
			);
			defaultConfigurationIsVisible = 0;
			defaultConfigurationName = Release;
		};
		8C29D2AB1D24AFD7007ACB93 /* Build configuration list for PBXNativeTarget "LTYCalendar" */ = {
			isa = XCConfigurationList;
			buildConfigurations = (
				8C29D2AC1D24AFD7007ACB93 /* Debug */,
				8C29D2AD1D24AFD7007ACB93 /* Release */,
			);
			defaultConfigurationIsVisible = 0;
		};
		8C29D2AE1D24AFD7007ACB93 /* Build configuration list for PBXNativeTarget "LTYCalendarTests" */ = {
			isa = XCConfigurationList;
			buildConfigurations = (
				8C29D2AF1D24AFD7007ACB93 /* Debug */,
				8C29D2B01D24AFD7007ACB93 /* Release */,
			);
			defaultConfigurationIsVisible = 0;
		};
		8C29D2B11D24AFD7007ACB93 /* Build configuration list for PBXNativeTarget "LTYCalendarUITests" */ = {
			isa = XCConfigurationList;
			buildConfigurations = (
				8C29D2B21D24AFD7007ACB93 /* Debug */,
				8C29D2B31D24AFD7007ACB93 /* Release */,
			);
			defaultConfigurationIsVisible = 0;
		};
/* End XCConfigurationList section */
	};
	rootObject = 8C29D2761D24AFD6007ACB93 /* Project object */;
}
